<?xml version="1.0" encoding="utf-8"?>
<Project ToolsVersion="4.0" xmlns="http://schemas.microsoft.com/developer/msbuild/2003">
  <ItemGroup>
    <ClCompile Include="..\TemplateProject.cpp" />
    <ClCompile Include="..\..\iPlug2\IPlug\AAX\IPlugAAX.cpp">
      <Filter>IPlug\AAX</Filter>
    </ClCompile>
    <ClCompile Include="..\..\iPlug2\IPlug\AAX\IPlugAAX_Describe.cpp">
      <Filter>IPlug\AAX</Filter>
    </ClCompile>
    <ClCompile Include="..\..\iPlug2\IPlug\AAX\IPlugAAX_Parameters.cpp">
      <Filter>IPlug\AAX</Filter>
    </ClCompile>
    <ClCompile Include="..\..\iPlug2\Dependencies\IPlug\AAX_SDK\Interfaces\AAX_Exports.cpp">
      <Filter>IPlug\AAX</Filter>
    </ClCompile>
    <ClCompile Include="..\..\iPlug2\IGraphics\IControl.cpp">
      <Filter>IGraphics</Filter>
    </ClCompile>
    <ClCompile Include="..\..\iPlug2\IGraphics\IGraphics.cpp">
      <Filter>IGraphics</Filter>
    </ClCompile>
    <ClCompile Include="..\..\iPlug2\IGraphics\IGraphicsEditorDelegate.cpp">
      <Filter>IGraphics</Filter>
    </ClCompile>
    <ClCompile Include="..\..\iPlug2\IGraphics\Drawing\IGraphicsNanoVG.cpp">
      <Filter>IGraphics\Drawing</Filter>
    </ClCompile>
    <ClCompile Include="..\..\iPlug2\IGraphics\Platforms\IGraphicsWin.cpp">
      <Filter>IGraphics\Platform</Filter>
    </ClCompile>
    <ClCompile Include="..\..\iPlug2\IGraphics\Controls\IControls.cpp">
      <Filter>IGraphics\Controls</Filter>
    </ClCompile>
    <ClCompile Include="..\..\iPlug2\IGraphics\Controls\IPopupMenuControl.cpp">
      <Filter>IGraphics\Controls</Filter>
    </ClCompile>
    <ClCompile Include="..\..\iPlug2\IGraphics\Controls\ITextEntryControl.cpp">
      <Filter>IGraphics\Controls</Filter>
    </ClCompile>
    <ClCompile Include="..\..\iPlug2\IPlug\IPlugAPIBase.cpp">
      <Filter>IPlug</Filter>
    </ClCompile>
    <ClCompile Include="..\..\iPlug2\IPlug\IPlugParameter.cpp">
      <Filter>IPlug</Filter>
    </ClCompile>
    <ClCompile Include="..\..\iPlug2\IPlug\IPlugPaths.cpp">
      <Filter>IPlug</Filter>
    </ClCompile>
    <ClCompile Include="..\..\iPlug2\IPlug\IPlugPluginBase.cpp">
      <Filter>IPlug</Filter>
    </ClCompile>
    <ClCompile Include="..\..\iPlug2\IPlug\IPlugProcessor.cpp">
      <Filter>IPlug</Filter>
    </ClCompile>
    <ClCompile Include="..\..\iPlug2\IPlug\IPlugTimer.cpp">
      <Filter>IPlug</Filter>
    </ClCompile>
    <ClCompile Include="..\..\iPlug2\IGraphics\Drawing\IGraphicsSkia.cpp">
      <Filter>IGraphics\Drawing</Filter>
    </ClCompile>
  </ItemGroup>
  <ItemGroup>
    <ClInclude Include="..\TemplateProject.h" />
    <ClInclude Include="..\resources\resource.h">
      <Filter>resources</Filter>
    </ClInclude>
    <ClInclude Include="..\..\iPlug2\IPlug\AAX\IPlugAAX.h">
      <Filter>IPlug\AAX</Filter>
    </ClInclude>
    <ClInclude Include="..\config.h" />
    <ClInclude Include="..\..\iPlug2\IPlug\AAX\IPlugAAX_TaperDelegate.h">
      <Filter>IPlug\AAX</Filter>
    </ClInclude>
    <ClInclude Include="..\..\iPlug2\IPlug\AAX\IPlugAAX_Parameters.h">
      <Filter>IPlug\AAX</Filter>
    </ClInclude>
    <ClInclude Include="..\..\iPlug2\IGraphics\IControl.h">
      <Filter>IGraphics</Filter>
    </ClInclude>
    <ClInclude Include="..\..\iPlug2\IGraphics\IGraphics.h">
      <Filter>IGraphics</Filter>
    </ClInclude>
    <ClInclude Include="..\..\iPlug2\IGraphics\IGraphicsConstants.h">
      <Filter>IGraphics</Filter>
    </ClInclude>
    <ClInclude Include="..\..\iPlug2\IGraphics\IGraphicsEditorDelegate.h">
      <Filter>IGraphics</Filter>
    </ClInclude>
    <ClInclude Include="..\..\iPlug2\IGraphics\IGraphicsLiveEdit.h">
      <Filter>IGraphics</Filter>
    </ClInclude>
    <ClInclude Include="..\..\iPlug2\IGraphics\IGraphicsPopupMenu.h">
      <Filter>IGraphics</Filter>
    </ClInclude>
    <ClInclude Include="..\..\iPlug2\IGraphics\IGraphicsStructs.h">
      <Filter>IGraphics</Filter>
    </ClInclude>
    <ClInclude Include="..\..\iPlug2\IGraphics\IGraphicsPrivate.h">
      <Filter>IGraphics</Filter>
    </ClInclude>
    <ClInclude Include="..\..\iPlug2\IGraphics\IGraphicsUtilities.h">
      <Filter>IGraphics</Filter>
    </ClInclude>
    <ClInclude Include="..\..\iPlug2\IGraphics\IGraphics_include_in_plug_hdr.h">
      <Filter>IGraphics</Filter>
    </ClInclude>
    <ClInclude Include="..\..\iPlug2\IGraphics\IGraphics_include_in_plug_src.h">
      <Filter>IGraphics</Filter>
    </ClInclude>
    <ClInclude Include="..\..\iPlug2\IGraphics\IGraphics_select.h">
      <Filter>IGraphics</Filter>
    </ClInclude>
    <ClInclude Include="..\..\iPlug2\IGraphics\Drawing\IGraphicsNanoVG.h">
      <Filter>IGraphics\Drawing</Filter>
    </ClInclude>
    <ClInclude Include="..\..\iPlug2\IGraphics\Platforms\IGraphicsLinux.h">
      <Filter>IGraphics\Platform</Filter>
    </ClInclude>
    <ClInclude Include="..\..\iPlug2\IGraphics\Platforms\IGraphicsMac.h">
      <Filter>IGraphics\Platform</Filter>
    </ClInclude>
    <ClInclude Include="..\..\iPlug2\IGraphics\Platforms\IGraphicsMac_view.h">
      <Filter>IGraphics\Platform</Filter>
    </ClInclude>
    <ClInclude Include="..\..\iPlug2\IGraphics\Platforms\IGraphicsWeb.h">
      <Filter>IGraphics\Platform</Filter>
    </ClInclude>
    <ClInclude Include="..\..\iPlug2\IGraphics\Platforms\IGraphicsWin.h">
      <Filter>IGraphics\Platform</Filter>
    </ClInclude>
    <ClInclude Include="..\..\iPlug2\IGraphics\Controls\IControls.h">
      <Filter>IGraphics\Controls</Filter>
    </ClInclude>
    <ClInclude Include="..\..\iPlug2\IGraphics\Controls\IFPSDisplayControl.h">
      <Filter>IGraphics\Controls</Filter>
    </ClInclude>
    <ClInclude Include="..\..\iPlug2\IGraphics\Controls\IPopupMenuControl.h">
      <Filter>IGraphics\Controls</Filter>
    </ClInclude>
    <ClInclude Include="..\..\iPlug2\IGraphics\Controls\IVKeyboardControl.h">
      <Filter>IGraphics\Controls</Filter>
    </ClInclude>
    <ClInclude Include="..\..\iPlug2\IGraphics\Controls\IVMeterControl.h">
      <Filter>IGraphics\Controls</Filter>
    </ClInclude>
    <ClInclude Include="..\..\iPlug2\IGraphics\Controls\IVMultiSliderControl.h">
      <Filter>IGraphics\Controls</Filter>
    </ClInclude>
    <ClInclude Include="..\..\iPlug2\IGraphics\Controls\IVScopeControl.h">
      <Filter>IGraphics\Controls</Filter>
    </ClInclude>
    <ClInclude Include="..\..\iPlug2\IGraphics\Controls\ITextEntryControl.h">
      <Filter>IGraphics\Controls</Filter>
    </ClInclude>
    <ClInclude Include="..\..\iPlug2\IPlug\IPlug_include_in_plug_hdr.h">
      <Filter>IPlug</Filter>
    </ClInclude>
    <ClInclude Include="..\..\iPlug2\IPlug\IPlug_include_in_plug_src.h">
      <Filter>IPlug</Filter>
    </ClInclude>
    <ClInclude Include="..\..\iPlug2\IPlug\IPlugAPIBase.h">
      <Filter>IPlug</Filter>
    </ClInclude>
    <ClInclude Include="..\..\iPlug2\IPlug\IPlugConstants.h">
      <Filter>IPlug</Filter>
    </ClInclude>
    <ClInclude Include="..\..\iPlug2\IPlug\IPlugDelegate_select.h">
      <Filter>IPlug</Filter>
    </ClInclude>
    <ClInclude Include="..\..\iPlug2\IPlug\IPlugEditorDelegate.h">
      <Filter>IPlug</Filter>
    </ClInclude>
    <ClInclude Include="..\..\iPlug2\IPlug\IPlugLogger.h">
      <Filter>IPlug</Filter>
    </ClInclude>
    <ClInclude Include="..\..\iPlug2\IPlug\IPlugMidi.h">
      <Filter>IPlug</Filter>
    </ClInclude>
    <ClInclude Include="..\..\iPlug2\IPlug\IPlugParameter.h">
      <Filter>IPlug</Filter>
    </ClInclude>
    <ClInclude Include="..\..\iPlug2\IPlug\IPlugPaths.h">
      <Filter>IPlug</Filter>
    </ClInclude>
    <ClInclude Include="..\..\iPlug2\IPlug\IPlugPlatform.h">
      <Filter>IPlug</Filter>
    </ClInclude>
    <ClInclude Include="..\..\iPlug2\IPlug\IPlugPluginBase.h">
      <Filter>IPlug</Filter>
    </ClInclude>
    <ClInclude Include="..\..\iPlug2\IGraphics\ISender.h">
      <Filter>IGraphics</Filter>
    </ClInclude>
    <ClInclude Include="..\..\iPlug2\IPlug\IPlugProcessor.h">
      <Filter>IPlug</Filter>
    </ClInclude>
    <ClInclude Include="..\..\iPlug2\IPlug\IPlugQueue.h">
      <Filter>IPlug</Filter>
    </ClInclude>
    <ClInclude Include="..\..\iPlug2\IPlug\IPlugStructs.h">
      <Filter>IPlug</Filter>
    </ClInclude>
    <ClInclude Include="..\..\iPlug2\IPlug\IPlugTimer.h">
      <Filter>IPlug</Filter>
    </ClInclude>
    <ClInclude Include="..\..\iPlug2\IPlug\IPlugUtilities.h">
      <Filter>IPlug</Filter>
    </ClInclude>
    <ClInclude Include="..\..\iPlug2\IGraphics\Drawing\IGraphicsSkia.h">
      <Filter>IGraphics\Drawing</Filter>
    </ClInclude>
    <ClInclude Include="..\..\trnr-lib\clip\aw_cliponly2.h">
      <Filter>trnr-lib\clip</Filter>
    </ClInclude>
    <ClInclude Include="..\..\trnr-lib\clip\aw_clipsoftly.h">
      <Filter>trnr-lib\clip</Filter>
    </ClInclude>
    <ClInclude Include="..\..\trnr-lib\clip\aw_tube2.h">
      <Filter>trnr-lib\clip</Filter>
    </ClInclude>
    <ClInclude Include="..\..\trnr-lib\util\audio_math.h">
      <Filter>trnr-lib\util</Filter>
    </ClInclude>
    <ClInclude Include="..\..\trnr-lib\util\demo_noise.h">
      <Filter>trnr-lib\util</Filter>
    </ClInclude>
    <ClInclude Include="..\..\trnr-lib\synth\ivoice.h">
      <Filter>trnr-lib\synth</Filter>
    </ClInclude>
    <ClInclude Include="..\..\trnr-lib\synth\midi_event.h">
      <Filter>trnr-lib\synth</Filter>
    </ClInclude>
    <ClInclude Include="..\..\trnr-lib\synth\midi_synth.h">
      <Filter>trnr-lib\synth</Filter>
    </ClInclude>
    <ClInclude Include="..\..\trnr-lib\synth\tx_envelope.h">
      <Filter>trnr-lib\synth</Filter>
    </ClInclude>
    <ClInclude Include="..\..\trnr-lib\synth\tx_operator.h">
      <Filter>trnr-lib\synth</Filter>
    </ClInclude>
    <ClInclude Include="..\..\trnr-lib\synth\tx_sineosc.h">
      <Filter>trnr-lib\synth</Filter>
    </ClInclude>
    <ClInclude Include="..\..\trnr-lib\synth\tx_voice.h">
      <Filter>trnr-lib\synth</Filter>
    </ClInclude>
    <ClInclude Include="..\..\trnr-lib\synth\voice_allocator.h">
      <Filter>trnr-lib\synth</Filter>
    </ClInclude>
    <ClInclude Include="..\..\trnr-lib\dynamics\aw_pop2.h">
      <Filter>trnr-lib\dynamics</Filter>
    </ClInclude>
    <ClInclude Include="..\..\trnr-lib\filter\aw_eq.h">
      <Filter>trnr-lib\filter</Filter>
    </ClInclude>
    <ClInclude Include="..\..\trnr-lib\filter\chebyshev.h">
      <Filter>trnr-lib\filter</Filter>
    </ClInclude>
    <ClInclude Include="..\..\trnr-lib\filter\ybandpass.h">
      <Filter>trnr-lib\filter</Filter>
    </ClInclude>
    <ClInclude Include="..\..\trnr-lib\filter\yhighpass.h">
      <Filter>trnr-lib\filter</Filter>
    </ClInclude>
    <ClInclude Include="..\..\trnr-lib\filter\ylowpass.h">
      <Filter>trnr-lib\filter</Filter>
    </ClInclude>
    <ClInclude Include="..\..\trnr-lib\filter\ynotch.h">
      <Filter>trnr-lib\filter</Filter>
    </ClInclude>
    <ClInclude Include="..\..\trnr-lib\filter\ysvf.h">
      <Filter>trnr-lib\filter</Filter>
    </ClInclude>
    <ClInclude Include="..\..\trnr-lib\companding\mulaw.h">
      <Filter>trnr-lib\companding</Filter>
    </ClInclude>
    <ClInclude Include="..\..\trnr-lib\companding\ulaw.h">
      <Filter>trnr-lib\companding</Filter>
    </ClInclude>
  </ItemGroup>
  <ItemGroup>
    <Filter Include="resources">
      <UniqueIdentifier>{a579504a-f161-47bd-bd30-7f18317f0e93}</UniqueIdentifier>
    </Filter>
    <Filter Include="IPlug">
      <UniqueIdentifier>{047ecfad-1a55-49a2-8621-1a4ad2905606}</UniqueIdentifier>
    </Filter>
    <Filter Include="IPlug\AAX">
      <UniqueIdentifier>{1fc481f5-85f5-43e6-924f-2be0689a4710}</UniqueIdentifier>
    </Filter>
    <Filter Include="config">
      <UniqueIdentifier>{464e659e-834a-453a-9150-dbaf783f8307}</UniqueIdentifier>
    </Filter>
    <Filter Include="IGraphics">
      <UniqueIdentifier>{68bdd895-46fe-4c63-a6b1-5f5eb18cccd3}</UniqueIdentifier>
    </Filter>
    <Filter Include="IGraphics\Drawing">
      <UniqueIdentifier>{ca6c268f-0123-4612-a634-bc446f5c5128}</UniqueIdentifier>
    </Filter>
    <Filter Include="IGraphics\Platform">
      <UniqueIdentifier>{7c4030c7-b478-4da8-a5fe-4771406c07aa}</UniqueIdentifier>
    </Filter>
    <Filter Include="IGraphics\Controls">
      <UniqueIdentifier>{3c740de7-2371-4065-bf3d-5af9193c7b7d}</UniqueIdentifier>
    </Filter>
    <Filter Include="trnr-lib">
      <UniqueIdentifier>{3b7ef843-d3b7-4c10-b15a-1b149c9b2291}</UniqueIdentifier>
    </Filter>
    <Filter Include="trnr-lib\clip">
      <UniqueIdentifier>{4614ea63-6980-4fe7-96ab-ebc57fe052da}</UniqueIdentifier>
    </Filter>
    <Filter Include="trnr-lib\util">
      <UniqueIdentifier>{c820c2bd-ce22-4384-a649-90aa616d8a52}</UniqueIdentifier>
    </Filter>
    <Filter Include="trnr-lib\synth">
      <UniqueIdentifier>{44f62f67-8041-4b5c-bf8b-c25017d85113}</UniqueIdentifier>
    </Filter>
    <Filter Include="trnr-lib\dynamics">
      <UniqueIdentifier>{6d7f15f6-e99f-430f-b991-025789226c14}</UniqueIdentifier>
    </Filter>
    <Filter Include="trnr-lib\filter">
      <UniqueIdentifier>{1b7321b1-3f1b-48af-8a5c-7d7de695f11b}</UniqueIdentifier>
    </Filter>
    <Filter Include="trnr-lib\companding">
      <UniqueIdentifier>{6a093427-9507-4f09-abd4-8661b8c54fc6}</UniqueIdentifier>
    </Filter>
  </ItemGroup>
  <ItemGroup>
    <ResourceCompile Include="..\resources\main.rc">
      <Filter>resources</Filter>
    </ResourceCompile>
  </ItemGroup>
  <ItemGroup>
    <None Include="..\config\TemplateProject-ios.xcconfig">
      <Filter>config</Filter>
    </None>
    <None Include="..\config\TemplateProject-web.mk">
      <Filter>config</Filter>
    </None>
    <None Include="..\config\TemplateProject-win.props">
      <Filter>config</Filter>
    </None>
    <None Include="..\config\TemplateProject-mac.xcconfig">
      <Filter>config</Filter>
    </None>
  </ItemGroup>
</Project>